// !$*UTF8*$!
{
	archiveVersion = 1;
	classes = {
	};
	objectVersion = 50;
	objects = {

/* Begin PBXBuildFile section */
		84A1EDA422DB616900F2547D /* AppDelegate.swift in Sources */ = {isa = PBXBuildFile; fileRef = 84A1EDA322DB616900F2547D /* AppDelegate.swift */; };
		84A1EDA622DB616900F2547D /* SceneDelegate.swift in Sources */ = {isa = PBXBuildFile; fileRef = 84A1EDA522DB616900F2547D /* SceneDelegate.swift */; };
		84A1EDA822DB616900F2547D /* ViewController.swift in Sources */ = {isa = PBXBuildFile; fileRef = 84A1EDA722DB616900F2547D /* ViewController.swift */; };
		84A1EDAB22DB616900F2547D /* Main.storyboard in Resources */ = {isa = PBXBuildFile; fileRef = 84A1EDA922DB616900F2547D /* Main.storyboard */; };
		84A1EDAD22DB616D00F2547D /* Assets.xcassets in Resources */ = {isa = PBXBuildFile; fileRef = 84A1EDAC22DB616D00F2547D /* Assets.xcassets */; };
		84A1EDB022DB616D00F2547D /* LaunchScreen.storyboard in Resources */ = {isa = PBXBuildFile; fileRef = 84A1EDAE22DB616D00F2547D /* LaunchScreen.storyboard */; };
/* End PBXBuildFile section */

/* Begin PBXFileReference section */
		84A1EDA022DB616900F2547D /* hw2_imitation_ntc.app */ = {isa = PBXFileReference; explicitFileType = wrapper.application; includeInIndex = 0; path = hw2_imitation_ntc.app; sourceTree = BUILT_PRODUCTS_DIR; };
		84A1EDA322DB616900F2547D /* AppDelegate.swift */ = {isa = PBXFileReference; lastKnownFileType = sourcecode.swift; path = AppDelegate.swift; sourceTree = "<group>"; };
		84A1EDA522DB616900F2547D /* SceneDelegate.swift */ = {isa = PBXFileReference; lastKnownFileType = sourcecode.swift; path = SceneDelegate.swift; sourceTree = "<group>"; };
		84A1EDA722DB616900F2547D /* ViewController.swift */ = {isa = PBXFileReference; lastKnownFileType = sourcecode.swift; path = ViewController.swift; sourceTree = "<group>"; };
		84A1EDAA22DB616900F2547D /* Base */ = {isa = PBXFileReference; lastKnownFileType = file.storyboard; name = Base; path = Base.lproj/Main.storyboard; sourceTree = "<group>"; };
		84A1EDAC22DB616D00F2547D /* Assets.xcassets */ = {isa = PBXFileReference; lastKnownFileType = folder.assetcatalog; path = Assets.xcassets; sourceTree = "<group>"; };
		84A1EDAF22DB616D00F2547D /* Base */ = {isa = PBXFileReference; lastKnownFileType = file.storyboard; name = Base; path = Base.lproj/LaunchScreen.storyboard; sourceTree = "<group>"; };
		84A1EDB122DB616D00F2547D /* Info.plist */ = {isa = PBXFileReference; lastKnownFileType = text.plist.xml; path = Info.plist; sourceTree = "<group>"; };
/* End PBXFileReference section */

/* Begin PBXFrameworksBuildPhase section */
		84A1ED9D22DB616900F2547D /* Frameworks */ = {
			isa = PBXFrameworksBuildPhase;
			buildActionMask = 2147483647;
			files = (
			);
			runOnlyForDeploymentPostprocessing = 0;
		};
/* End PBXFrameworksBuildPhase section */

/* Begin PBXGroup section */
		84A1ED9722DB616900F2547D = {
			isa = PBXGroup;
			children = (
				84A1EDA222DB616900F2547D /* hw2_imitation_ntc */,
				84A1EDA122DB616900F2547D /* Products */,
			);
			sourceTree = "<group>";
		};
		84A1EDA122DB616900F2547D /* Products */ = {
			isa = PBXGroup;
			children = (
				84A1EDA022DB616900F2547D /* hw2_imitation_ntc.app */,
			);
			name = Products;
			sourceTree = "<group>";
		};
		84A1EDA222DB616900F2547D /* hw2_imitation_ntc */ = {
			isa = PBXGroup;
			children = (
				84A1EDA322DB616900F2547D /* AppDelegate.swift */,
				84A1EDA522DB616900F2547D /* SceneDelegate.swift */,
				84A1EDA722DB616900F2547D /* ViewController.swift */,
				84A1EDA922DB616900F2547D /* Main.storyboard */,
				84A1EDAC22DB616D00F2547D /* Assets.xcassets */,
				84A1EDAE22DB616D00F2547D /* LaunchScreen.storyboard */,
				84A1EDB122DB616D00F2547D /* Info.plist */,
			);
			path = hw2_imitation_ntc;
			sourceTree = "<group>";
		};
/* End PBXGroup section */

/* Begin PBXNativeTarget section */
		84A1ED9F22DB616900F2547D /* hw2_imitation_ntc */ = {
			isa = PBXNativeTarget;
			buildConfigurationList = 84A1EDB422DB616D00F2547D /* Build configuration list for PBXNativeTarget "hw2_imitation_ntc" */;
			buildPhases = (
				84A1ED9C22DB616900F2547D /* Sources */,
				84A1ED9D22DB616900F2547D /* Frameworks */,
				84A1ED9E22DB616900F2547D /* Resources */,
			);
			buildRules = (
			);
			dependencies = (
			);
			name = hw2_imitation_ntc;
			productName = hw2_imitation_ntc;
			productReference = 84A1EDA022DB616900F2547D /* hw2_imitation_ntc.app */;
			productType = "com.apple.product-type.application";
		};
/* End PBXNativeTarget section */

/* Begin PBXProject section */
		84A1ED9822DB616900F2547D /* Project object */ = {
			isa = PBXProject;
			attributes = {
				LastSwiftUpdateCheck = 1100;
				LastUpgradeCheck = 1100;
				ORGANIZATIONNAME = admin;
				TargetAttributes = {
					84A1ED9F22DB616900F2547D = {
						CreatedOnToolsVersion = 11.0;
					};
				};
			};
			buildConfigurationList = 84A1ED9B22DB616900F2547D /* Build configuration list for PBXProject "hw2_imitation_ntc" */;
			compatibilityVersion = "Xcode 9.3";
			developmentRegion = en;
			hasScannedForEncodings = 0;
			knownRegions = (
				en,
				Base,
			);
			mainGroup = 84A1ED9722DB616900F2547D;
			productRefGroup = 84A1EDA122DB616900F2547D /* Products */;
			projectDirPath = "";
			projectRoot = "";
			targets = (
				84A1ED9F22DB616900F2547D /* hw2_imitation_ntc */,
			);
		};
/* End PBXProject section */

/* Begin PBXResourcesBuildPhase section */
		84A1ED9E22DB616900F2547D /* Resources */ = {
			isa = PBXResourcesBuildPhase;
			buildActionMask = 2147483647;
			files = (
				84A1EDB022DB616D00F2547D /* LaunchScreen.storyboard in Resources */,
				84A1EDAD22DB616D00F2547D /* Assets.xcassets in Resources */,
				84A1EDAB22DB616900F2547D /* Main.storyboard in Resources */,
			);
			runOnlyForDeploymentPostprocessing = 0;
		};
/* End PBXResourcesBuildPhase section */

/* Begin PBXSourcesBuildPhase section */
		84A1ED9C22DB616900F2547D /* Sources */ = {
			isa = PBXSourcesBuildPhase;
			buildActionMask = 2147483647;
			files = (
				84A1EDA822DB616900F2547D /* ViewController.swift in Sources */,
				84A1EDA422DB616900F2547D /* AppDelegate.swift in Sources */,
				84A1EDA622DB616900F2547D /* SceneDelegate.swift in Sources */,
			);
			runOnlyForDeploymentPostprocessing = 0;
		};
/* End PBXSourcesBuildPhase section */

/* Begin PBXVariantGroup section */
		84A1EDA922DB616900F2547D /* Main.storyboard */ = {
			isa = PBXVariantGroup;
			children = (
				84A1EDAA22DB616900F2547D /* Base */,
			);
			name = Main.storyboard;
			sourceTree = "<group>";
		};
		84A1EDAE22DB616D00F2547D /* LaunchScreen.storyboard */ = {
			isa = PBXVariantGroup;
			children = (
				84A1EDAF22DB616D00F2547D /* Base */,
			);
			name = LaunchScreen.storyboard;
			sourceTree = "<group>";
		};
/* End PBXVariantGroup section */

/* Begin XCBuildConfiguration section */
		84A1EDB222DB616D00F2547D /* Debug */ = {
			isa = XCBuildConfiguration;
			buildSettings = {
				ALWAYS_SEARCH_USER_PATHS = NO;
				CLANG_ANALYZER_NONNULL = YES;
				CLANG_ANALYZER_NUMBER_OBJECT_CONVERSION = YES_AGGRESSIVE;
				CLANG_CXX_LANGUAGE_STANDARD = "gnu++14";
				CLANG_CXX_LIBRARY = "libc++";
				CLANG_ENABLE_MODULES = YES;
				CLANG_ENABLE_OBJC_ARC = YES;
				CLANG_ENABLE_OBJC_WEAK = YES;
				CLANG_WARN_BLOCK_CAPTURE_AUTORELEASING = YES;
				CLANG_WARN_BOOL_CONVERSION = YES;
				CLANG_WARN_COMMA = YES;
				CLANG_WARN_CONSTANT_CONVERSION = YES;
				CLANG_WARN_DEPRECATED_OBJC_IMPLEMENTATIONS = YES;
				CLANG_WARN_DIRECT_OBJC_ISA_USAGE = YES_ERROR;
				CLANG_WARN_DOCUMENTATION_COMMENTS = YES;
				CLANG_WARN_EMPTY_BODY = YES;
				CLANG_WARN_ENUM_CONVERSION = YES;
				CLANG_WARN_INFINITE_RECURSION = YES;
				CLANG_WARN_INT_CONVERSION = YES;
				CLANG_WARN_NON_LITERAL_NULL_CONVERSION = YES;
				CLANG_WARN_OBJC_IMPLICIT_RETAIN_SELF = YES;
				CLANG_WARN_OBJC_LITERAL_CONVERSION = YES;
				CLANG_WARN_OBJC_ROOT_CLASS = YES_ERROR;
				CLANG_WARN_RANGE_LOOP_ANALYSIS = YES;
				CLANG_WARN_STRICT_PROTOTYPES = YES;
				CLANG_WARN_SUSPICIOUS_MOVE = YES;
				CLANG_WARN_UNGUARDED_AVAILABILITY = YES_AGGRESSIVE;
				CLANG_WARN_UNREACHABLE_CODE = YES;
				CLANG_WARN__DUPLICATE_METHOD_MATCH = YES;
				COPY_PHASE_STRIP = NO;
				DEBUG_INFORMATION_FORMAT = dwarf;
				ENABLE_STRICT_OBJC_MSGSEND = YES;
				ENABLE_TESTABILITY = YES;
				GCC_C_LANGUAGE_STANDARD = gnu11;
				GCC_DYNAMIC_NO_PIC = NO;
				GCC_NO_COMMON_BLOCKS = YES;
				GCC_OPTIMIZATION_LEVEL = 0;
				GCC_PREPROCESSOR_DEFINITIONS = (
					"DEBUG=1",
					"$(inherited)",
				);
				GCC_WARN_64_TO_32_BIT_CONVERSION = YES;
				GCC_WARN_ABOUT_RETURN_TYPE = YES_ERROR;
				GCC_WARN_UNDECLARED_SELECTOR = YES;
				GCC_WARN_UNINITIALIZED_AUTOS = YES_AGGRESSIVE;
				GCC_WARN_UNUSED_FUNCTION = YES;
				GCC_WARN_UNUSED_VARIABLE = YES;
				IPHONEOS_DEPLOYMENT_TARGET = 13.0;
				MTL_ENABLE_DEBUG_INFO = INCLUDE_SOURCE;
				MTL_FAST_MATH = YES;
				ONLY_ACTIVE_ARCH = YES;
				SDKROOT = iphoneos;
				SWIFT_ACTIVE_COMPILATION_CONDITIONS = DEBUG;
				SWIFT_OPTIMIZATION_LEVEL = "-Onone";
			};
			name = Debug;
		};
		84A1EDB322DB616D00F2547D /* Release */ = {
			isa = XCBuildConfiguration;
			buildSettings = {
				ALWAYS_SEARCH_USER_PATHS = NO;
				CLANG_ANALYZER_NONNULL = YES;
				CLANG_ANALYZER_NUMBER_OBJECT_CONVERSION = YES_AGGRESSIVE;
				CLANG_CXX_LANGUAGE_STANDARD = "gnu++14";
				CLANG_CXX_LIBRARY = "libc++";
				CLANG_ENABLE_MODULES = YES;
				CLANG_ENABLE_OBJC_ARC = YES;
				CLANG_ENABLE_OBJC_WEAK = YES;
				CLANG_WARN_BLOCK_CAPTURE_AUTORELEASING = YES;
				CLANG_WARN_BOOL_CONVERSION = YES;
				CLANG_WARN_COMMA = YES;
				CLANG_WARN_CONSTANT_CONVERSION = YES;
				CLANG_WARN_DEPRECATED_OBJC_IMPLEMENTATIONS = YES;
				CLANG_WARN_DIRECT_OBJC_ISA_USAGE = YES_ERROR;
				CLANG_WARN_DOCUMENTATION_COMMENTS = YES;
				CLANG_WARN_EMPTY_BODY = YES;
				CLANG_WARN_ENUM_CONVERSION = YES;
				CLANG_WARN_INFINITE_RECURSION = YES;
				CLANG_WARN_INT_CONVERSION = YES;
				CLANG_WARN_NON_LITERAL_NULL_CONVERSION = YES;
				CLANG_WARN_OBJC_IMPLICIT_RETAIN_SELF = YES;
				CLANG_WARN_OBJC_LITERAL_CONVERSION = YES;
				CLANG_WARN_OBJC_ROOT_CLASS = YES_ERROR;
				CLANG_WARN_RANGE_LOOP_ANALYSIS = YES;
				CLANG_WARN_STRICT_PROTOTYPES = YES;
				CLANG_WARN_SUSPICIOUS_MOVE = YES;
				CLANG_WARN_UNGUARDED_AVAILABILITY = YES_AGGRESSIVE;
				CLANG_WARN_UNREACHABLE_CODE = YES;
				CLANG_WARN__DUPLICATE_METHOD_MATCH = YES;
				COPY_PHASE_STRIP = NO;
				DEBUG_INFORMATION_FORMAT = "dwarf-with-dsym";
				ENABLE_NS_ASSERTIONS = NO;
				ENABLE_STRICT_OBJC_MSGSEND = YES;
				GCC_C_LANGUAGE_STANDARD = gnu11;
				GCC_NO_COMMON_BLOCKS = YES;
				GCC_WARN_64_TO_32_BIT_CONVERSION = YES;
				GCC_WARN_ABOUT_RETURN_TYPE = YES_ERROR;
				GCC_WARN_UNDECLARED_SELECTOR = YES;
				GCC_WARN_UNINITIALIZED_AUTOS = YES_AGGRESSIVE;
				GCC_WARN_UNUSED_FUNCTION = YES;
				GCC_WARN_UNUSED_VARIABLE = YES;
				IPHONEOS_DEPLOYMENT_TARGET = 13.0;
				MTL_ENABLE_DEBUG_INFO = NO;
				MTL_FAST_MATH = YES;
				SDKROOT = iphoneos;
				SWIFT_COMPILATION_MODE = wholemodule;
				SWIFT_OPTIMIZATION_LEVEL = "-O";
				VALIDATE_PRODUCT = YES;
			};
			name = Release;
		};
		84A1EDB522DB616D00F2547D /* Debug */ = {
			isa = XCBuildConfiguration;
			buildSettings = {
				ASSETCATALOG_COMPILER_APPICON_NAME = AppIcon;
				CODE_SIGN_STYLE = Automatic;
				INFOPLIST_FILE = hw2_imitation_ntc/Info.plist;
				LD_RUNPATH_SEARCH_PATHS = (
					"$(inherited)",
					"@executable_path/Frameworks",
				);
				PRODUCT_BUNDLE_IDENTIFIER = "com.mjtsai.hw2-imitation-ntc";
				PRODUCT_NAME = "$(TARGET_NAME)";
				SWIFT_VERSION = 5.0;
				TARGETED_DEVICE_FAMILY = "1,2";
			};
			name = Debug;
		};
		84A1EDB622DB616D00F2547D /* Release */ = {
			isa = XCBuildConfiguration;
			buildSettings = {
				ASSETCATALOG_COMPILER_APPICON_NAME = AppIcon;
				CODE_SIGN_STYLE = Automatic;
				INFOPLIST_FILE = hw2_imitation_ntc/Info.plist;
				LD_RUNPATH_SEARCH_PATHS = (
					"$(inherited)",
					"@executable_path/Frameworks",
				);
				PRODUCT_BUNDLE_IDENTIFIER = "com.mjtsai.hw2-imitation-ntc";
				PRODUCT_NAME = "$(TARGET_NAME)";
				SWIFT_VERSION = 5.0;
				TARGETED_DEVICE_FAMILY = "1,2";
			};
			name = Release;
		};
/* End XCBuildConfiguration section */

/* Begin XCConfigurationList section */
		84A1ED9B22DB616900F2547D /* Build configuration list for PBXProject "hw2_imitation_ntc" */ = {
			isa = XCConfigurationList;
			buildConfigurations = (
				84A1EDB222DB616D00F2547D /* Debug */,
				84A1EDB322DB616D00F2547D /* Release */,
			);
			defaultConfigurationIsVisible = 0;
			defaultConfigurationName = Release;
		};
		84A1EDB422DB616D00F2547D /* Build configuration list for PBXNativeTarget "hw2_imitation_ntc" */ = {
			isa = XCConfigurationList;
			buildConfigurations = (
				84A1EDB522DB616D00F2547D /* Debug */,
				84A1EDB622DB616D00F2547D /* Release */,
			);
			defaultConfigurationIsVisible = 0;
			defaultConfigurationName = Release;
		};
/* End XCConfigurationList section */
	};
	rootObject = 84A1ED9822DB616900F2547D /* Project object */;
}
